// !$*UTF8*$!
{
	archiveVersion = 1;
	classes = {
	};
	objectVersion = 46;
	objects = {

/* Begin PBXBuildFile section */
		53DEC7CF1C4DF31B0069B2D1 /* main.m in Sources */ = {isa = PBXBuildFile; fileRef = 53DEC7CE1C4DF31B0069B2D1 /* main.m */; };
		53DEC7D21C4DF31B0069B2D1 /* SGAppDelegate.m in Sources */ = {isa = PBXBuildFile; fileRef = 53DEC7D11C4DF31B0069B2D1 /* SGAppDelegate.m */; };
		53DEC7D51C4DF31B0069B2D1 /* SGViewController.m in Sources */ = {isa = PBXBuildFile; fileRef = 53DEC7D41C4DF31B0069B2D1 /* SGViewController.m */; };
		53DEC7D81C4DF31B0069B2D1 /* Main.storyboard in Resources */ = {isa = PBXBuildFile; fileRef = 53DEC7D61C4DF31B0069B2D1 /* Main.storyboard */; };
		53DEC7DA1C4DF31B0069B2D1 /* Assets.xcassets in Resources */ = {isa = PBXBuildFile; fileRef = 53DEC7D91C4DF31B0069B2D1 /* Assets.xcassets */; };
		53DEC7DD1C4DF31B0069B2D1 /* LaunchScreen.storyboard in Resources */ = {isa = PBXBuildFile; fileRef = 53DEC7DB1C4DF31B0069B2D1 /* LaunchScreen.storyboard */; };
		53DEC7E81C4DF31B0069B2D1 /* SwipeGestureTests.m in Sources */ = {isa = PBXBuildFile; fileRef = 53DEC7E71C4DF31B0069B2D1 /* SwipeGestureTests.m */; };
/* End PBXBuildFile section */

/* Begin PBXContainerItemProxy section */
		53DEC7E41C4DF31B0069B2D1 /* PBXContainerItemProxy */ = {
			isa = PBXContainerItemProxy;
			containerPortal = 53DEC7C21C4DF31B0069B2D1 /* Project object */;
			proxyType = 1;
			remoteGlobalIDString = 53DEC7C91C4DF31B0069B2D1;
			remoteInfo = SwipeGesture;
		};
/* End PBXContainerItemProxy section */

/* Begin PBXFileReference section */
		53DEC7CA1C4DF31B0069B2D1 /* SwipeGesture.app */ = {isa = PBXFileReference; explicitFileType = wrapper.application; includeInIndex = 0; path = SwipeGesture.app; sourceTree = BUILT_PRODUCTS_DIR; };
		53DEC7CE1C4DF31B0069B2D1 /* main.m */ = {isa = PBXFileReference; lastKnownFileType = sourcecode.c.objc; path = main.m; sourceTree = "<group>"; };
		53DEC7D01C4DF31B0069B2D1 /* SGAppDelegate.h */ = {isa = PBXFileReference; lastKnownFileType = sourcecode.c.h; path = SGAppDelegate.h; sourceTree = "<group>"; };
		53DEC7D11C4DF31B0069B2D1 /* SGAppDelegate.m */ = {isa = PBXFileReference; lastKnownFileType = sourcecode.c.objc; path = SGAppDelegate.m; sourceTree = "<group>"; };
		53DEC7D31C4DF31B0069B2D1 /* SGViewController.h */ = {isa = PBXFileReference; lastKnownFileType = sourcecode.c.h; path = SGViewController.h; sourceTree = "<group>"; };
		53DEC7D41C4DF31B0069B2D1 /* SGViewController.m */ = {isa = PBXFileReference; lastKnownFileType = sourcecode.c.objc; path = SGViewController.m; sourceTree = "<group>"; };
		53DEC7D71C4DF31B0069B2D1 /* Base */ = {isa = PBXFileReference; lastKnownFileType = file.storyboard; name = Base; path = Base.lproj/Main.storyboard; sourceTree = "<group>"; };
		53DEC7D91C4DF31B0069B2D1 /* Assets.xcassets */ = {isa = PBXFileReference; lastKnownFileType = folder.assetcatalog; path = Assets.xcassets; sourceTree = "<group>"; };
		53DEC7DC1C4DF31B0069B2D1 /* Base */ = {isa = PBXFileReference; lastKnownFileType = file.storyboard; name = Base; path = Base.lproj/LaunchScreen.storyboard; sourceTree = "<group>"; };
		53DEC7DE1C4DF31B0069B2D1 /* Info.plist */ = {isa = PBXFileReference; lastKnownFileType = text.plist.xml; path = Info.plist; sourceTree = "<group>"; };
		53DEC7E31C4DF31B0069B2D1 /* SwipeGestureTests.xctest */ = {isa = PBXFileReference; explicitFileType = wrapper.cfbundle; includeInIndex = 0; path = SwipeGestureTests.xctest; sourceTree = BUILT_PRODUCTS_DIR; };
		53DEC7E71C4DF31B0069B2D1 /* SwipeGestureTests.m */ = {isa = PBXFileReference; lastKnownFileType = sourcecode.c.objc; path = SwipeGestureTests.m; sourceTree = "<group>"; };
		53DEC7E91C4DF31B0069B2D1 /* Info.plist */ = {isa = PBXFileReference; lastKnownFileType = text.plist.xml; path = Info.plist; sourceTree = "<group>"; };
/* End PBXFileReference section */

/* Begin PBXFrameworksBuildPhase section */
		53DEC7C71C4DF31B0069B2D1 /* Frameworks */ = {
			isa = PBXFrameworksBuildPhase;
			buildActionMask = 2147483647;
			files = (
			);
			runOnlyForDeploymentPostprocessing = 0;
		};
		53DEC7E01C4DF31B0069B2D1 /* Frameworks */ = {
			isa = PBXFrameworksBuildPhase;
			buildActionMask = 2147483647;
			files = (
			);
			runOnlyForDeploymentPostprocessing = 0;
		};
/* End PBXFrameworksBuildPhase section */

/* Begin PBXGroup section */
		53DEC7C11C4DF31B0069B2D1 = {
			isa = PBXGroup;
			children = (
				53DEC7CB1C4DF31B0069B2D1 /* Products */,
				53DEC7CC1C4DF31B0069B2D1 /* SwipeGesture */,
				53DEC7E61C4DF31B0069B2D1 /* SwipeGestureTests */,
			);
			sourceTree = "<group>";
		};
		53DEC7CB1C4DF31B0069B2D1 /* Products */ = {
			isa = PBXGroup;
			children = (
				53DEC7CA1C4DF31B0069B2D1 /* SwipeGesture.app */,
				53DEC7E31C4DF31B0069B2D1 /* SwipeGestureTests.xctest */,
			);
			name = Products;
			sourceTree = "<group>";
		};
		53DEC7CC1C4DF31B0069B2D1 /* SwipeGesture */ = {
			isa = PBXGroup;
			children = (
				53DEC7F41C4DF3510069B2D1 /* Commons */,
				53DEC7F21C4DF33B0069B2D1 /* Controllers */,
				53DEC7CD1C4DF31B0069B2D1 /* Supporting Files */,
				53DEC7D91C4DF31B0069B2D1 /* Assets.xcassets */,
				53DEC7DE1C4DF31B0069B2D1 /* Info.plist */,
				53DEC7DB1C4DF31B0069B2D1 /* LaunchScreen.storyboard */,
				53DEC7D61C4DF31B0069B2D1 /* Main.storyboard */,
			);
			path = SwipeGesture;
			sourceTree = "<group>";
		};
		53DEC7CD1C4DF31B0069B2D1 /* Supporting Files */ = {
			isa = PBXGroup;
			children = (
				53DEC7CE1C4DF31B0069B2D1 /* main.m */,
			);
			path = "Supporting Files";
			sourceTree = "<group>";
		};
		53DEC7E61C4DF31B0069B2D1 /* SwipeGestureTests */ = {
			isa = PBXGroup;
			children = (
				53DEC7E91C4DF31B0069B2D1 /* Info.plist */,
				53DEC7E71C4DF31B0069B2D1 /* SwipeGestureTests.m */,
			);
			path = SwipeGestureTests;
			sourceTree = "<group>";
		};
		53DEC7F21C4DF33B0069B2D1 /* Controllers */ = {
			isa = PBXGroup;
			children = (
				53DEC7D31C4DF31B0069B2D1 /* SGViewController.h */,
				53DEC7D41C4DF31B0069B2D1 /* SGViewController.m */,
			);
			path = Controllers;
			sourceTree = "<group>";
		};
		53DEC7F41C4DF3510069B2D1 /* Commons */ = {
			isa = PBXGroup;
			children = (
				53DEC7D01C4DF31B0069B2D1 /* SGAppDelegate.h */,
				53DEC7D11C4DF31B0069B2D1 /* SGAppDelegate.m */,
			);
			path = Commons;
			sourceTree = "<group>";
		};
/* End PBXGroup section */

/* Begin PBXNativeTarget section */
		53DEC7C91C4DF31B0069B2D1 /* SwipeGesture */ = {
			isa = PBXNativeTarget;
			buildConfigurationList = 53DEC7EC1C4DF31B0069B2D1 /* Build configuration list for PBXNativeTarget "SwipeGesture" */;
			buildPhases = (
				53DEC7C61C4DF31B0069B2D1 /* Sources */,
				53DEC7C71C4DF31B0069B2D1 /* Frameworks */,
				53DEC7C81C4DF31B0069B2D1 /* Resources */,
			);
			buildRules = (
			);
			dependencies = (
			);
			name = SwipeGesture;
			productName = SwipeGesture;
			productReference = 53DEC7CA1C4DF31B0069B2D1 /* SwipeGesture.app */;
			productType = "com.apple.product-type.application";
		};
		53DEC7E21C4DF31B0069B2D1 /* SwipeGestureTests */ = {
			isa = PBXNativeTarget;
			buildConfigurationList = 53DEC7EF1C4DF31B0069B2D1 /* Build configuration list for PBXNativeTarget "SwipeGestureTests" */;
			buildPhases = (
				53DEC7DF1C4DF31B0069B2D1 /* Sources */,
				53DEC7E01C4DF31B0069B2D1 /* Frameworks */,
				53DEC7E11C4DF31B0069B2D1 /* Resources */,
			);
			buildRules = (
			);
			dependencies = (
				53DEC7E51C4DF31B0069B2D1 /* PBXTargetDependency */,
			);
			name = SwipeGestureTests;
			productName = SwipeGestureTests;
			productReference = 53DEC7E31C4DF31B0069B2D1 /* SwipeGestureTests.xctest */;
			productType = "com.apple.product-type.bundle.unit-test";
		};
/* End PBXNativeTarget section */

/* Begin PBXProject section */
		53DEC7C21C4DF31B0069B2D1 /* Project object */ = {
			isa = PBXProject;
			attributes = {
				CLASSPREFIX = SG;
				LastUpgradeCheck = 0720;
				ORGANIZATIONNAME = "Data Empire";
				TargetAttributes = {
					53DEC7C91C4DF31B0069B2D1 = {
						CreatedOnToolsVersion = 7.2;
						DevelopmentTeam = LQ5WW9469F;
					};
					53DEC7E21C4DF31B0069B2D1 = {
						CreatedOnToolsVersion = 7.2;
						DevelopmentTeam = LQ5WW9469F;
						TestTargetID = 53DEC7C91C4DF31B0069B2D1;
					};
				};
			};
			buildConfigurationList = 53DEC7C51C4DF31B0069B2D1 /* Build configuration list for PBXProject "SwipeGesture" */;
			compatibilityVersion = "Xcode 3.2";
			developmentRegion = English;
			hasScannedForEncodings = 0;
			knownRegions = (
				en,
				Base,
			);
			mainGroup = 53DEC7C11C4DF31B0069B2D1;
			productRefGroup = 53DEC7CB1C4DF31B0069B2D1 /* Products */;
			projectDirPath = "";
			projectRoot = "";
			targets = (
				53DEC7C91C4DF31B0069B2D1 /* SwipeGesture */,
				53DEC7E21C4DF31B0069B2D1 /* SwipeGestureTests */,
			);
		};
/* End PBXProject section */

/* Begin PBXResourcesBuildPhase section */
		53DEC7C81C4DF31B0069B2D1 /* Resources */ = {
			isa = PBXResourcesBuildPhase;
			buildActionMask = 2147483647;
			files = (
				53DEC7DD1C4DF31B0069B2D1 /* LaunchScreen.storyboard in Resources */,
				53DEC7DA1C4DF31B0069B2D1 /* Assets.xcassets in Resources */,
				53DEC7D81C4DF31B0069B2D1 /* Main.storyboard in Resources */,
			);
			runOnlyForDeploymentPostprocessing = 0;
		};
		53DEC7E11C4DF31B0069B2D1 /* Resources */ = {
			isa = PBXResourcesBuildPhase;
			buildActionMask = 2147483647;
			files = (
			);
			runOnlyForDeploymentPostprocessing = 0;
		};
/* End PBXResourcesBuildPhase section */

/* Begin PBXSourcesBuildPhase section */
		53DEC7C61C4DF31B0069B2D1 /* Sources */ = {
			isa = PBXSourcesBuildPhase;
			buildActionMask = 2147483647;
			files = (
				53DEC7D51C4DF31B0069B2D1 /* SGViewController.m in Sources */,
				53DEC7D21C4DF31B0069B2D1 /* SGAppDelegate.m in Sources */,
				53DEC7CF1C4DF31B0069B2D1 /* main.m in Sources */,
			);
			runOnlyForDeploymentPostprocessing = 0;
		};
		53DEC7DF1C4DF31B0069B2D1 /* Sources */ = {
			isa = PBXSourcesBuildPhase;
			buildActionMask = 2147483647;
			files = (
				53DEC7E81C4DF31B0069B2D1 /* SwipeGestureTests.m in Sources */,
			);
			runOnlyForDeploymentPostprocessing = 0;
		};
/* End PBXSourcesBuildPhase section */

/* Begin PBXTargetDependency section */
		53DEC7E51C4DF31B0069B2D1 /* PBXTargetDependency */ = {
			isa = PBXTargetDependency;
			target = 53DEC7C91C4DF31B0069B2D1 /* SwipeGesture */;
			targetProxy = 53DEC7E41C4DF31B0069B2D1 /* PBXContainerItemProxy */;
		};
/* End PBXTargetDependency section */

/* Begin PBXVariantGroup section */
		53DEC7D61C4DF31B0069B2D1 /* Main.storyboard */ = {
			isa = PBXVariantGroup;
			children = (
				53DEC7D71C4DF31B0069B2D1 /* Base */,
			);
			name = Main.storyboard;
			path = .;
			sourceTree = "<group>";
		};
		53DEC7DB1C4DF31B0069B2D1 /* LaunchScreen.storyboard */ = {
			isa = PBXVariantGroup;
			children = (
				53DEC7DC1C4DF31B0069B2D1 /* Base */,
			);
			name = LaunchScreen.storyboard;
			path = .;
			sourceTree = "<group>";
		};
/* End PBXVariantGroup section */

/* Begin XCBuildConfiguration section */
		53DEC7EA1C4DF31B0069B2D1 /* Debug */ = {
			isa = XCBuildConfiguration;
			buildSettings = {
				ALWAYS_SEARCH_USER_PATHS = NO;
				CLANG_CXX_LANGUAGE_STANDARD = "gnu++0x";
				CLANG_CXX_LIBRARY = "libc++";
				CLANG_ENABLE_MODULES = YES;
				CLANG_ENABLE_OBJC_ARC = YES;
				CLANG_WARN_BOOL_CONVERSION = YES;
				CLANG_WARN_CONSTANT_CONVERSION = YES;
				CLANG_WARN_DIRECT_OBJC_ISA_USAGE = YES_ERROR;
				CLANG_WARN_EMPTY_BODY = YES;
				CLANG_WARN_ENUM_CONVERSION = YES;
				CLANG_WARN_INT_CONVERSION = YES;
				CLANG_WARN_OBJC_ROOT_CLASS = YES_ERROR;
				CLANG_WARN_UNREACHABLE_CODE = YES;
				CLANG_WARN__DUPLICATE_METHOD_MATCH = YES;
				"CODE_SIGN_IDENTITY[sdk=iphoneos*]" = "iPhone Developer";
				COPY_PHASE_STRIP = NO;
				DEBUG_INFORMATION_FORMAT = dwarf;
				ENABLE_STRICT_OBJC_MSGSEND = YES;
				ENABLE_TESTABILITY = YES;
				GCC_C_LANGUAGE_STANDARD = gnu99;
				GCC_DYNAMIC_NO_PIC = NO;
				GCC_NO_COMMON_BLOCKS = YES;
				GCC_OPTIMIZATION_LEVEL = 0;
				GCC_PREPROCESSOR_DEFINITIONS = (
					"DEBUG=1",
					"$(inherited)",
				);
				GCC_WARN_64_TO_32_BIT_CONVERSION = YES;
				GCC_WARN_ABOUT_RETURN_TYPE = YES_ERROR;
				GCC_WARN_UNDECLARED_SELECTOR = YES;
				GCC_WARN_UNINITIALIZED_AUTOS = YES_AGGRESSIVE;
				GCC_WARN_UNUSED_FUNCTION = YES;
				GCC_WARN_UNUSED_VARIABLE = YES;
				IPHONEOS_DEPLOYMENT_TARGET = 9.2;
				MTL_ENABLE_DEBUG_INFO = YES;
				ONLY_ACTIVE_ARCH = YES;
				SDKROOT = iphoneos;
				TARGETED_DEVICE_FAMILY = "1,2";
			};
			name = Debug;
		};
		53DEC7EB1C4DF31B0069B2D1 /* Release */ = {
			isa = XCBuildConfiguration;
			buildSettings = {
				ALWAYS_SEARCH_USER_PATHS = NO;
				CLANG_CXX_LANGUAGE_STANDARD = "gnu++0x";
				CLANG_CXX_LIBRARY = "libc++";
				CLANG_ENABLE_MODULES = YES;
				CLANG_ENABLE_OBJC_ARC = YES;
				CLANG_WARN_BOOL_CONVERSION = YES;
				CLANG_WARN_CONSTANT_CONVERSION = YES;
				CLANG_WARN_DIRECT_OBJC_ISA_USAGE = YES_ERROR;
				CLANG_WARN_EMPTY_BODY = YES;
				CLANG_WARN_ENUM_CONVERSION = YES;
				CLANG_WARN_INT_CONVERSION = YES;
				CLANG_WARN_OBJC_ROOT_CLASS = YES_ERROR;
				CLANG_WARN_UNREACHABLE_CODE = YES;
				CLANG_WARN__DUPLICATE_METHOD_MATCH = YES;
				"CODE_SIGN_IDENTITY[sdk=iphoneos*]" = "iPhone Developer";
				COPY_PHASE_STRIP = NO;
				DEBUG_INFORMATION_FORMAT = "dwarf-with-dsym";
				ENABLE_NS_ASSERTIONS = NO;
				ENABLE_STRICT_OBJC_MSGSEND = YES;
				GCC_C_LANGUAGE_STANDARD = gnu99;
				GCC_NO_COMMON_BLOCKS = YES;
				GCC_WARN_64_TO_32_BIT_CONVERSION = YES;
				GCC_WARN_ABOUT_RETURN_TYPE = YES_ERROR;
				GCC_WARN_UNDECLARED_SELECTOR = YES;
				GCC_WARN_UNINITIALIZED_AUTOS = YES_AGGRESSIVE;
				GCC_WARN_UNUSED_FUNCTION = YES;
				GCC_WARN_UNUSED_VARIABLE = YES;
				IPHONEOS_DEPLOYMENT_TARGET = 9.2;
				MTL_ENABLE_DEBUG_INFO = NO;
				SDKROOT = iphoneos;
				TARGETED_DEVICE_FAMILY = "1,2";
				VALIDATE_PRODUCT = YES;
			};
			name = Release;
		};
		53DEC7ED1C4DF31B0069B2D1 /* Debug */ = {
			isa = XCBuildConfiguration;
			buildSettings = {
				ASSETCATALOG_COMPILER_APPICON_NAME = AppIcon;
				INFOPLIST_FILE = SwipeGesture/Info.plist;
				LD_RUNPATH_SEARCH_PATHS = "$(inherited) @executable_path/Frameworks";
				PRODUCT_BUNDLE_IDENTIFIER = "info.data-empire.SwipeGesture";
				PRODUCT_NAME = "$(TARGET_NAME)";
			};
			name = Debug;
		};
		53DEC7EE1C4DF31B0069B2D1 /* Release */ = {
			isa = XCBuildConfiguration;
			buildSettings = {
				ASSETCATALOG_COMPILER_APPICON_NAME = AppIcon;
				INFOPLIST_FILE = SwipeGesture/Info.plist;
				LD_RUNPATH_SEARCH_PATHS = "$(inherited) @executable_path/Frameworks";
				PRODUCT_BUNDLE_IDENTIFIER = "info.data-empire.SwipeGesture";
				PRODUCT_NAME = "$(TARGET_NAME)";
			};
			name = Release;
		};
		53DEC7F01C4DF31B0069B2D1 /* Debug */ = {
			isa = XCBuildConfiguration;
			buildSettings = {
				BUNDLE_LOADER = "$(TEST_HOST)";
				INFOPLIST_FILE = SwipeGestureTests/Info.plist;
				LD_RUNPATH_SEARCH_PATHS = "$(inherited) @executable_path/Frameworks @loader_path/Frameworks";
				PRODUCT_BUNDLE_IDENTIFIER = "info.data-empire.SwipeGestureTests";
				PRODUCT_NAME = "$(TARGET_NAME)";
				TEST_HOST = "$(BUILT_PRODUCTS_DIR)/SwipeGesture.app/SwipeGesture";
			};
			name = Debug;
		};
		53DEC7F11C4DF31B0069B2D1 /* Release */ = {
			isa = XCBuildConfiguration;
			buildSettings = {
				BUNDLE_LOADER = "$(TEST_HOST)";
				INFOPLIST_FILE = SwipeGestureTests/Info.plist;
				LD_RUNPATH_SEARCH_PATHS = "$(inherited) @executable_path/Frameworks @loader_path/Frameworks";
				PRODUCT_BUNDLE_IDENTIFIER = "info.data-empire.SwipeGestureTests";
				PRODUCT_NAME = "$(TARGET_NAME)";
				TEST_HOST = "$(BUILT_PRODUCTS_DIR)/SwipeGesture.app/SwipeGesture";
			};
			name = Release;
		};
/* End XCBuildConfiguration section */

/* Begin XCConfigurationList section */
		53DEC7C51C4DF31B0069B2D1 /* Build configuration list for PBXProject "SwipeGesture" */ = {
			isa = XCConfigurationList;
			buildConfigurations = (
				53DEC7EA1C4DF31B0069B2D1 /* Debug */,
				53DEC7EB1C4DF31B0069B2D1 /* Release */,
			);
			defaultConfigurationIsVisible = 0;
			defaultConfigurationName = Release;
		};
		53DEC7EC1C4DF31B0069B2D1 /* Build configuration list for PBXNativeTarget "SwipeGesture" */ = {
			isa = XCConfigurationList;
			buildConfigurations = (
				53DEC7ED1C4DF31B0069B2D1 /* Debug */,
				53DEC7EE1C4DF31B0069B2D1 /* Release */,
			);
			defaultConfigurationIsVisible = 0;
			defaultConfigurationName = Release;
		};
		53DEC7EF1C4DF31B0069B2D1 /* Build configuration list for PBXNativeTarget "SwipeGestureTests" */ = {
			isa = XCConfigurationList;
			buildConfigurations = (
				53DEC7F01C4DF31B0069B2D1 /* Debug */,
				53DEC7F11C4DF31B0069B2D1 /* Release */,
			);
			defaultConfigurationIsVisible = 0;
			defaultConfigurationName = Release;
		};
/* End XCConfigurationList section */
	};
	rootObject = 53DEC7C21C4DF31B0069B2D1 /* Project object */;
}
